
Microsoft Visual Studio Solution File, Format Version 12.00
# Visual Studio Version 17
VisualStudioVersion = 17.5.002.0
MinimumVisualStudioVersion = 10.0.40219.1
Project("{9A19103F-16F7-4668-BE54-9A1E7A4F7556}") = "Tests", "Tests.csproj", "{70849754-C1F6-4191-8E39-06E3E838D0B9}"
EndProject
Global
	GlobalSection(SolutionConfigurationPlatforms) = preSolution
		Debug|Any CPU = Debug|Any CPU
		Release|Any CPU = Release|Any CPU
	EndGlobalSection
	GlobalSection(ProjectConfigurationPlatforms) = postSolution
		{70849754-C1F6-4191-8E39-06E3E838D0B9}.Debug|Any CPU.ActiveCfg = Debug|Any CPU
		{70849754-C1F6-4191-8E39-06E3E838D0B9}.Debug|Any CPU.Build.0 = Debug|Any CPU
		{70849754-C1F6-4191-8E39-06E3E838D0B9}.Release|Any CPU.ActiveCfg = Release|Any CPU
		{70849754-C1F6-4191-8E39-06E3E838D0B9}.Release|Any CPU.Build.0 = Release|Any CPU
	EndGlobalSection
	GlobalSection(SolutionProperties) = preSolution
		HideSolutionNode = FALSE
	EndGlobalSection
	GlobalSection(ExtensibilityGlobals) = postSolution
		SolutionGuid = {C3471A9B-9FF3-4E3A-BC60-0F14D5B4A808}
	EndGlobalSection
EndGlobal
